// !$*UTF8*$!
{
	archiveVersion = 1;
	classes = {
	};
	objectVersion = 56;
	objects = {

/* Begin PBXBuildFile section */
		425EBECB418FFE31E20439B1 /* Pods_moviesios.framework in Frameworks */ = {isa = PBXBuildFile; fileRef = 40F71FD3AD666DD0C82E9032 /* Pods_moviesios.framework */; };
		D3C5B2872A813FB6005D4D7E /* FlutterView.swift in Sources */ = {isa = PBXBuildFile; fileRef = D3C5B2862A813FB6005D4D7E /* FlutterView.swift */; };
		D3C5B2892A813FCF005D4D7E /* FloatingButtonView.swift in Sources */ = {isa = PBXBuildFile; fileRef = D3C5B2882A813FCF005D4D7E /* FloatingButtonView.swift */; };
		D3D8348C2A81145400DA78E2 /* moviesiosApp.swift in Sources */ = {isa = PBXBuildFile; fileRef = D3D8348B2A81145400DA78E2 /* moviesiosApp.swift */; };
		D3D8348E2A81145400DA78E2 /* ContentView.swift in Sources */ = {isa = PBXBuildFile; fileRef = D3D8348D2A81145400DA78E2 /* ContentView.swift */; };
		D3D834902A81145600DA78E2 /* Assets.xcassets in Resources */ = {isa = PBXBuildFile; fileRef = D3D8348F2A81145600DA78E2 /* Assets.xcassets */; };
		D3D834932A81145600DA78E2 /* Preview Assets.xcassets in Resources */ = {isa = PBXBuildFile; fileRef = D3D834922A81145600DA78E2 /* Preview Assets.xcassets */; };
/* End PBXBuildFile section */

/* Begin PBXFileReference section */
		40F71FD3AD666DD0C82E9032 /* Pods_moviesios.framework */ = {isa = PBXFileReference; explicitFileType = wrapper.framework; includeInIndex = 0; path = Pods_moviesios.framework; sourceTree = BUILT_PRODUCTS_DIR; };
		7D4DEFFC9A1FD983FC52388D /* Pods-moviesios.release.xcconfig */ = {isa = PBXFileReference; includeInIndex = 1; lastKnownFileType = text.xcconfig; name = "Pods-moviesios.release.xcconfig"; path = "Target Support Files/Pods-moviesios/Pods-moviesios.release.xcconfig"; sourceTree = "<group>"; };
		D3C5B2862A813FB6005D4D7E /* FlutterView.swift */ = {isa = PBXFileReference; lastKnownFileType = sourcecode.swift; path = FlutterView.swift; sourceTree = "<group>"; };
		D3C5B2882A813FCF005D4D7E /* FloatingButtonView.swift */ = {isa = PBXFileReference; lastKnownFileType = sourcecode.swift; path = FloatingButtonView.swift; sourceTree = "<group>"; };
		D3D834882A81145400DA78E2 /* moviesios.app */ = {isa = PBXFileReference; explicitFileType = wrapper.application; includeInIndex = 0; path = moviesios.app; sourceTree = BUILT_PRODUCTS_DIR; };
		D3D8348B2A81145400DA78E2 /* moviesiosApp.swift */ = {isa = PBXFileReference; lastKnownFileType = sourcecode.swift; path = moviesiosApp.swift; sourceTree = "<group>"; };
		D3D8348D2A81145400DA78E2 /* ContentView.swift */ = {isa = PBXFileReference; lastKnownFileType = sourcecode.swift; path = ContentView.swift; sourceTree = "<group>"; };
		D3D8348F2A81145600DA78E2 /* Assets.xcassets */ = {isa = PBXFileReference; lastKnownFileType = folder.assetcatalog; path = Assets.xcassets; sourceTree = "<group>"; };
		D3D834922A81145600DA78E2 /* Preview Assets.xcassets */ = {isa = PBXFileReference; lastKnownFileType = folder.assetcatalog; path = "Preview Assets.xcassets"; sourceTree = "<group>"; };
		F22CBB65FAB50BE15C6CCD7B /* Pods-moviesios.debug.xcconfig */ = {isa = PBXFileReference; includeInIndex = 1; lastKnownFileType = text.xcconfig; name = "Pods-moviesios.debug.xcconfig"; path = "Target Support Files/Pods-moviesios/Pods-moviesios.debug.xcconfig"; sourceTree = "<group>"; };
/* End PBXFileReference section */

/* Begin PBXFrameworksBuildPhase section */
		D3D834852A81145400DA78E2 /* Frameworks */ = {
			isa = PBXFrameworksBuildPhase;
			buildActionMask = 2147483647;
			files = (
				425EBECB418FFE31E20439B1 /* Pods_moviesios.framework in Frameworks */,
			);
			runOnlyForDeploymentPostprocessing = 0;
		};
/* End PBXFrameworksBuildPhase section */

/* Begin PBXGroup section */
		50FD578AA7EFFD1A1CA1B167 /* Pods */ = {
			isa = PBXGroup;
			children = (
				F22CBB65FAB50BE15C6CCD7B /* Pods-moviesios.debug.xcconfig */,
				7D4DEFFC9A1FD983FC52388D /* Pods-moviesios.release.xcconfig */,
			);
			path = Pods;
			sourceTree = "<group>";
		};
		D1B171158B5D9C3707205B91 /* Frameworks */ = {
			isa = PBXGroup;
			children = (
				40F71FD3AD666DD0C82E9032 /* Pods_moviesios.framework */,
			);
			name = Frameworks;
			sourceTree = "<group>";
		};
		D3D8347F2A81145400DA78E2 = {
			isa = PBXGroup;
			children = (
				D3D8348A2A81145400DA78E2 /* moviesios */,
				D3D834892A81145400DA78E2 /* Products */,
				50FD578AA7EFFD1A1CA1B167 /* Pods */,
				D1B171158B5D9C3707205B91 /* Frameworks */,
			);
			sourceTree = "<group>";
		};
		D3D834892A81145400DA78E2 /* Products */ = {
			isa = PBXGroup;
			children = (
				D3D834882A81145400DA78E2 /* moviesios.app */,
			);
			name = Products;
			sourceTree = "<group>";
		};
		D3D8348A2A81145400DA78E2 /* moviesios */ = {
			isa = PBXGroup;
			children = (
				D3D8348B2A81145400DA78E2 /* moviesiosApp.swift */,
				D3D8348D2A81145400DA78E2 /* ContentView.swift */,
				D3D8348F2A81145600DA78E2 /* Assets.xcassets */,
				D3D834912A81145600DA78E2 /* Preview Content */,
				D3C5B2862A813FB6005D4D7E /* FlutterView.swift */,
				D3C5B2882A813FCF005D4D7E /* FloatingButtonView.swift */,
			);
			path = moviesios;
			sourceTree = "<group>";
		};
		D3D834912A81145600DA78E2 /* Preview Content */ = {
			isa = PBXGroup;
			children = (
				D3D834922A81145600DA78E2 /* Preview Assets.xcassets */,
			);
			path = "Preview Content";
			sourceTree = "<group>";
		};
/* End PBXGroup section */

/* Begin PBXNativeTarget section */
		D3D834872A81145400DA78E2 /* moviesios */ = {
			isa = PBXNativeTarget;
			buildConfigurationList = D3D834962A81145600DA78E2 /* Build configuration list for PBXNativeTarget "moviesios" */;
			buildPhases = (
				FB659BD23E8C4B39DE88EA2D /* [CP] Check Pods Manifest.lock */,
				FAA94180302C36C53A39E770 /* [CP-User] Run Flutter Build movies_flutter_module Script */,
				D3D834842A81145400DA78E2 /* Sources */,
				D3D834852A81145400DA78E2 /* Frameworks */,
				D3D834862A81145400DA78E2 /* Resources */,
				C8F9F5B340996E08FCDC882A /* [CP-User] Embed Flutter Build movies_flutter_module Script */,
			);
			buildRules = (
			);
			dependencies = (
			);
			name = moviesios;
			productName = moviesios;
			productReference = D3D834882A81145400DA78E2 /* moviesios.app */;
			productType = "com.apple.product-type.application";
		};
/* End PBXNativeTarget section */

/* Begin PBXProject section */
		D3D834802A81145400DA78E2 /* Project object */ = {
			isa = PBXProject;
			attributes = {
				BuildIndependentTargetsInParallel = 1;
				LastSwiftUpdateCheck = 1430;
				LastUpgradeCheck = 1430;
				TargetAttributes = {
					D3D834872A81145400DA78E2 = {
						CreatedOnToolsVersion = 14.3.1;
					};
				};
			};
			buildConfigurationList = D3D834832A81145400DA78E2 /* Build configuration list for PBXProject "moviesios" */;
			compatibilityVersion = "Xcode 14.0";
			developmentRegion = en;
			hasScannedForEncodings = 0;
			knownRegions = (
				en,
				Base,
			);
			mainGroup = D3D8347F2A81145400DA78E2;
			productRefGroup = D3D834892A81145400DA78E2 /* Products */;
			projectDirPath = "";
			projectRoot = "";
			targets = (
				D3D834872A81145400DA78E2 /* moviesios */,
			);
		};
/* End PBXProject section */

/* Begin PBXResourcesBuildPhase section */
		D3D834862A81145400DA78E2 /* Resources */ = {
			isa = PBXResourcesBuildPhase;
			buildActionMask = 2147483647;
			files = (
				D3D834932A81145600DA78E2 /* Preview Assets.xcassets in Resources */,
				D3D834902A81145600DA78E2 /* Assets.xcassets in Resources */,
			);
			runOnlyForDeploymentPostprocessing = 0;
		};
/* End PBXResourcesBuildPhase section */

/* Begin PBXShellScriptBuildPhase section */
		C8F9F5B340996E08FCDC882A /* [CP-User] Embed Flutter Build movies_flutter_module Script */ = {
			isa = PBXShellScriptBuildPhase;
			buildActionMask = 2147483647;
			files = (
			);
			name = "[CP-User] Embed Flutter Build movies_flutter_module Script";
			runOnlyForDeploymentPostprocessing = 0;
			shellPath = /bin/sh;
			shellScript = "set -e\nset -u\nsource \"${SRCROOT}/../movies_flutter_module/.ios/Flutter/flutter_export_environment.sh\"\nexport VERBOSE_SCRIPT_LOGGING=1 && \"$FLUTTER_ROOT\"/packages/flutter_tools/bin/xcode_backend.sh embed_and_thin";
		};
		FAA94180302C36C53A39E770 /* [CP-User] Run Flutter Build movies_flutter_module Script */ = {
			isa = PBXShellScriptBuildPhase;
			buildActionMask = 2147483647;
			files = (
			);
			name = "[CP-User] Run Flutter Build movies_flutter_module Script";
			runOnlyForDeploymentPostprocessing = 0;
			shellPath = /bin/sh;
			shellScript = "set -e\nset -u\nsource \"${SRCROOT}/../movies_flutter_module/.ios/Flutter/flutter_export_environment.sh\"\nexport VERBOSE_SCRIPT_LOGGING=1 && \"$FLUTTER_ROOT\"/packages/flutter_tools/bin/xcode_backend.sh build";
		};
		FB659BD23E8C4B39DE88EA2D /* [CP] Check Pods Manifest.lock */ = {
			isa = PBXShellScriptBuildPhase;
			buildActionMask = 2147483647;
			files = (
			);
			inputFileListPaths = (
			);
			inputPaths = (
				"${PODS_PODFILE_DIR_PATH}/Podfile.lock",
				"${PODS_ROOT}/Manifest.lock",
			);
			name = "[CP] Check Pods Manifest.lock";
			outputFileListPaths = (
			);
			outputPaths = (
				"$(DERIVED_FILE_DIR)/Pods-moviesios-checkManifestLockResult.txt",
			);
			runOnlyForDeploymentPostprocessing = 0;
			shellPath = /bin/sh;
			shellScript = "diff \"${PODS_PODFILE_DIR_PATH}/Podfile.lock\" \"${PODS_ROOT}/Manifest.lock\" > /dev/null\nif [ $? != 0 ] ; then\n    # print error to STDERR\n    echo \"error: The sandbox is not in sync with the Podfile.lock. Run 'pod install' or update your CocoaPods installation.\" >&2\n    exit 1\nfi\n# This output is used by Xcode 'outputs' to avoid re-running this script phase.\necho \"SUCCESS\" > \"${SCRIPT_OUTPUT_FILE_0}\"\n";
			showEnvVarsInLog = 0;
		};
/* End PBXShellScriptBuildPhase section */

/* Begin PBXSourcesBuildPhase section */
		D3D834842A81145400DA78E2 /* Sources */ = {
			isa = PBXSourcesBuildPhase;
			buildActionMask = 2147483647;
			files = (
				D3D8348E2A81145400DA78E2 /* ContentView.swift in Sources */,
				D3D8348C2A81145400DA78E2 /* moviesiosApp.swift in Sources */,
				D3C5B2892A813FCF005D4D7E /* FloatingButtonView.swift in Sources */,
				D3C5B2872A813FB6005D4D7E /* FlutterView.swift in Sources */,
			);
			runOnlyForDeploymentPostprocessing = 0;
		};
/* End PBXSourcesBuildPhase section */

/* Begin XCBuildConfiguration section */
		D3D834942A81145600DA78E2 /* Debug */ = {
			isa = XCBuildConfiguration;
			buildSettings = {
				ALWAYS_SEARCH_USER_PATHS = NO;
				CLANG_ANALYZER_NONNULL = YES;
				CLANG_ANALYZER_NUMBER_OBJECT_CONVERSION = YES_AGGRESSIVE;
				CLANG_CXX_LANGUAGE_STANDARD = "gnu++20";
				CLANG_ENABLE_MODULES = YES;
				CLANG_ENABLE_OBJC_ARC = YES;
				CLANG_ENABLE_OBJC_WEAK = YES;
				CLANG_WARN_BLOCK_CAPTURE_AUTORELEASING = YES;
				CLANG_WARN_BOOL_CONVERSION = YES;
				CLANG_WARN_COMMA = YES;
				CLANG_WARN_CONSTANT_CONVERSION = YES;
				CLANG_WARN_DEPRECATED_OBJC_IMPLEMENTATIONS = YES;
				CLANG_WARN_DIRECT_OBJC_ISA_USAGE = YES_ERROR;
				CLANG_WARN_DOCUMENTATION_COMMENTS = YES;
				CLANG_WARN_EMPTY_BODY = YES;
				CLANG_WARN_ENUM_CONVERSION = YES;
				CLANG_WARN_INFINITE_RECURSION = YES;
				CLANG_WARN_INT_CONVERSION = YES;
				CLANG_WARN_NON_LITERAL_NULL_CONVERSION = YES;
				CLANG_WARN_OBJC_IMPLICIT_RETAIN_SELF = YES;
				CLANG_WARN_OBJC_LITERAL_CONVERSION = YES;
				CLANG_WARN_OBJC_ROOT_CLASS = YES_ERROR;
				CLANG_WARN_QUOTED_INCLUDE_IN_FRAMEWORK_HEADER = YES;
				CLANG_WARN_RANGE_LOOP_ANALYSIS = YES;
				CLANG_WARN_STRICT_PROTOTYPES = YES;
				CLANG_WARN_SUSPICIOUS_MOVE = YES;
				CLANG_WARN_UNGUARDED_AVAILABILITY = YES_AGGRESSIVE;
				CLANG_WARN_UNREACHABLE_CODE = YES;
				CLANG_WARN__DUPLICATE_METHOD_MATCH = YES;
				COPY_PHASE_STRIP = NO;
				DEBUG_INFORMATION_FORMAT = dwarf;
				ENABLE_STRICT_OBJC_MSGSEND = YES;
				ENABLE_TESTABILITY = YES;
				GCC_C_LANGUAGE_STANDARD = gnu11;
				GCC_DYNAMIC_NO_PIC = NO;
				GCC_NO_COMMON_BLOCKS = YES;
				GCC_OPTIMIZATION_LEVEL = 0;
				GCC_PREPROCESSOR_DEFINITIONS = (
					"DEBUG=1",
					"$(inherited)",
				);
				GCC_WARN_64_TO_32_BIT_CONVERSION = YES;
				GCC_WARN_ABOUT_RETURN_TYPE = YES_ERROR;
				GCC_WARN_UNDECLARED_SELECTOR = YES;
				GCC_WARN_UNINITIALIZED_AUTOS = YES_AGGRESSIVE;
				GCC_WARN_UNUSED_FUNCTION = YES;
				GCC_WARN_UNUSED_VARIABLE = YES;
				IPHONEOS_DEPLOYMENT_TARGET = 16.4;
				MTL_ENABLE_DEBUG_INFO = INCLUDE_SOURCE;
				MTL_FAST_MATH = YES;
				ONLY_ACTIVE_ARCH = YES;
				SDKROOT = iphoneos;
				SWIFT_ACTIVE_COMPILATION_CONDITIONS = DEBUG;
				SWIFT_OPTIMIZATION_LEVEL = "-Onone";
			};
			name = Debug;
		};
		D3D834952A81145600DA78E2 /* Release */ = {
			isa = XCBuildConfiguration;
			buildSettings = {
				ALWAYS_SEARCH_USER_PATHS = NO;
				CLANG_ANALYZER_NONNULL = YES;
				CLANG_ANALYZER_NUMBER_OBJECT_CONVERSION = YES_AGGRESSIVE;
				CLANG_CXX_LANGUAGE_STANDARD = "gnu++20";
				CLANG_ENABLE_MODULES = YES;
				CLANG_ENABLE_OBJC_ARC = YES;
				CLANG_ENABLE_OBJC_WEAK = YES;
				CLANG_WARN_BLOCK_CAPTURE_AUTORELEASING = YES;
				CLANG_WARN_BOOL_CONVERSION = YES;
				CLANG_WARN_COMMA = YES;
				CLANG_WARN_CONSTANT_CONVERSION = YES;
				CLANG_WARN_DEPRECATED_OBJC_IMPLEMENTATIONS = YES;
				CLANG_WARN_DIRECT_OBJC_ISA_USAGE = YES_ERROR;
				CLANG_WARN_DOCUMENTATION_COMMENTS = YES;
				CLANG_WARN_EMPTY_BODY = YES;
				CLANG_WARN_ENUM_CONVERSION = YES;
				CLANG_WARN_INFINITE_RECURSION = YES;
				CLANG_WARN_INT_CONVERSION = YES;
				CLANG_WARN_NON_LITERAL_NULL_CONVERSION = YES;
				CLANG_WARN_OBJC_IMPLICIT_RETAIN_SELF = YES;
				CLANG_WARN_OBJC_LITERAL_CONVERSION = YES;
				CLANG_WARN_OBJC_ROOT_CLASS = YES_ERROR;
				CLANG_WARN_QUOTED_INCLUDE_IN_FRAMEWORK_HEADER = YES;
				CLANG_WARN_RANGE_LOOP_ANALYSIS = YES;
				CLANG_WARN_STRICT_PROTOTYPES = YES;
				CLANG_WARN_SUSPICIOUS_MOVE = YES;
				CLANG_WARN_UNGUARDED_AVAILABILITY = YES_AGGRESSIVE;
				CLANG_WARN_UNREACHABLE_CODE = YES;
				CLANG_WARN__DUPLICATE_METHOD_MATCH = YES;
				COPY_PHASE_STRIP = NO;
				DEBUG_INFORMATION_FORMAT = "dwarf-with-dsym";
				ENABLE_NS_ASSERTIONS = NO;
				ENABLE_STRICT_OBJC_MSGSEND = YES;
				GCC_C_LANGUAGE_STANDARD = gnu11;
				GCC_NO_COMMON_BLOCKS = YES;
				GCC_WARN_64_TO_32_BIT_CONVERSION = YES;
				GCC_WARN_ABOUT_RETURN_TYPE = YES_ERROR;
				GCC_WARN_UNDECLARED_SELECTOR = YES;
				GCC_WARN_UNINITIALIZED_AUTOS = YES_AGGRESSIVE;
				GCC_WARN_UNUSED_FUNCTION = YES;
				GCC_WARN_UNUSED_VARIABLE = YES;
				IPHONEOS_DEPLOYMENT_TARGET = 16.4;
				MTL_ENABLE_DEBUG_INFO = NO;
				MTL_FAST_MATH = YES;
				SDKROOT = iphoneos;
				SWIFT_COMPILATION_MODE = wholemodule;
				SWIFT_OPTIMIZATION_LEVEL = "-O";
				VALIDATE_PRODUCT = YES;
			};
			name = Release;
		};
		D3D834972A81145600DA78E2 /* Debug */ = {
			isa = XCBuildConfiguration;
			baseConfigurationReference = F22CBB65FAB50BE15C6CCD7B /* Pods-moviesios.debug.xcconfig */;
			buildSettings = {
				ASSETCATALOG_COMPILER_APPICON_NAME = AppIcon;
				ASSETCATALOG_COMPILER_GLOBAL_ACCENT_COLOR_NAME = AccentColor;
				CODE_SIGN_STYLE = Automatic;
				CURRENT_PROJECT_VERSION = 1;
				DEVELOPMENT_ASSET_PATHS = "\"moviesios/Preview Content\"";
				DEVELOPMENT_TEAM = 6ZHF6A3G28;
				ENABLE_PREVIEWS = YES;
				GENERATE_INFOPLIST_FILE = YES;
				INFOPLIST_KEY_UIApplicationSceneManifest_Generation = YES;
				INFOPLIST_KEY_UIApplicationSupportsIndirectInputEvents = YES;
				INFOPLIST_KEY_UILaunchScreen_Generation = YES;
				INFOPLIST_KEY_UISupportedInterfaceOrientations_iPad = "UIInterfaceOrientationPortrait UIInterfaceOrientationPortraitUpsideDown UIInterfaceOrientationLandscapeLeft UIInterfaceOrientationLandscapeRight";
				INFOPLIST_KEY_UISupportedInterfaceOrientations_iPhone = "UIInterfaceOrientationPortrait UIInterfaceOrientationLandscapeLeft UIInterfaceOrientationLandscapeRight";
				LD_RUNPATH_SEARCH_PATHS = (
					"$(inherited)",
					"@executable_path/Frameworks",
				);
				MARKETING_VERSION = 1.0;
				PRODUCT_BUNDLE_IDENTIFIER = dev.flutter.moviesios;
				PRODUCT_NAME = "$(TARGET_NAME)";
				SWIFT_EMIT_LOC_STRINGS = YES;
				SWIFT_VERSION = 5.0;
				TARGETED_DEVICE_FAMILY = "1,2";
			};
			name = Debug;
		};
		D3D834982A81145600DA78E2 /* Release */ = {
			isa = XCBuildConfiguration;
			baseConfigurationReference = 7D4DEFFC9A1FD983FC52388D /* Pods-moviesios.release.xcconfig */;
			buildSettings = {
				ASSETCATALOG_COMPILER_APPICON_NAME = AppIcon;
				ASSETCATALOG_COMPILER_GLOBAL_ACCENT_COLOR_NAME = AccentColor;
				CODE_SIGN_STYLE = Automatic;
				CURRENT_PROJECT_VERSION = 1;
				DEVELOPMENT_ASSET_PATHS = "\"moviesios/Preview Content\"";
				DEVELOPMENT_TEAM = 6ZHF6A3G28;
				ENABLE_PREVIEWS = YES;
				GENERATE_INFOPLIST_FILE = YES;
				INFOPLIST_KEY_UIApplicationSceneManifest_Generation = YES;
				INFOPLIST_KEY_UIApplicationSupportsIndirectInputEvents = YES;
				INFOPLIST_KEY_UILaunchScreen_Generation = YES;
				INFOPLIST_KEY_UISupportedInterfaceOrientations_iPad = "UIInterfaceOrientationPortrait UIInterfaceOrientationPortraitUpsideDown UIInterfaceOrientationLandscapeLeft UIInterfaceOrientationLandscapeRight";
				INFOPLIST_KEY_UISupportedInterfaceOrientations_iPhone = "UIInterfaceOrientationPortrait UIInterfaceOrientationLandscapeLeft UIInterfaceOrientationLandscapeRight";
				LD_RUNPATH_SEARCH_PATHS = (
					"$(inherited)",
					"@executable_path/Frameworks",
				);
				MARKETING_VERSION = 1.0;
				PRODUCT_BUNDLE_IDENTIFIER = dev.flutter.moviesios;
				PRODUCT_NAME = "$(TARGET_NAME)";
				SWIFT_EMIT_LOC_STRINGS = YES;
				SWIFT_VERSION = 5.0;
				TARGETED_DEVICE_FAMILY = "1,2";
			};
			name = Release;
		};
/* End XCBuildConfiguration section */

/* Begin XCConfigurationList section */
		D3D834832A81145400DA78E2 /* Build configuration list for PBXProject "moviesios" */ = {
			isa = XCConfigurationList;
			buildConfigurations = (
				D3D834942A81145600DA78E2 /* Debug */,
				D3D834952A81145600DA78E2 /* Release */,
			);
			defaultConfigurationIsVisible = 0;
			defaultConfigurationName = Release;
		};
		D3D834962A81145600DA78E2 /* Build configuration list for PBXNativeTarget "moviesios" */ = {
			isa = XCConfigurationList;
			buildConfigurations = (
				D3D834972A81145600DA78E2 /* Debug */,
				D3D834982A81145600DA78E2 /* Release */,
			);
			defaultConfigurationIsVisible = 0;
			defaultConfigurationName = Release;
		};
/* End XCConfigurationList section */
	};
	rootObject = D3D834802A81145400DA78E2 /* Project object */;
}
